// !$*UTF8*$!
{
	archiveVersion = 1;
	classes = {
	};
	objectVersion = 50;
	objects = {

/* Begin PBXBuildFile section */
		07CABE0D24322EE100260DEE /* AppDelegate.swift in Sources */ = {isa = PBXBuildFile; fileRef = 07CABE0C24322EE100260DEE /* AppDelegate.swift */; };
		07CABE0F24322EE100260DEE /* SceneDelegate.swift in Sources */ = {isa = PBXBuildFile; fileRef = 07CABE0E24322EE100260DEE /* SceneDelegate.swift */; };
		07CABE1424322EE100260DEE /* Main.storyboard in Resources */ = {isa = PBXBuildFile; fileRef = 07CABE1224322EE100260DEE /* Main.storyboard */; };
		07CABE1624322EE200260DEE /* Assets.xcassets in Resources */ = {isa = PBXBuildFile; fileRef = 07CABE1524322EE200260DEE /* Assets.xcassets */; };
		07CABE1924322EE200260DEE /* LaunchScreen.storyboard in Resources */ = {isa = PBXBuildFile; fileRef = 07CABE1724322EE200260DEE /* LaunchScreen.storyboard */; };
		07CABE4B2433F18200260DEE /* ColorTheme.xcassets in Resources */ = {isa = PBXBuildFile; fileRef = 07CABE4A2433F18200260DEE /* ColorTheme.xcassets */; };
		07CABE4D2433F59200260DEE /* ColorTheme.swift in Sources */ = {isa = PBXBuildFile; fileRef = 07CABE4C2433F59200260DEE /* ColorTheme.swift */; };
		07CABE502433FA2B00260DEE /* OpenSans-Bold.ttf in Resources */ = {isa = PBXBuildFile; fileRef = 07CABE4F2433FA2B00260DEE /* OpenSans-Bold.ttf */; };
		07CABE522433FA3D00260DEE /* OpenSans-Light.ttf in Resources */ = {isa = PBXBuildFile; fileRef = 07CABE512433FA3D00260DEE /* OpenSans-Light.ttf */; };
		07CABE542433FA4300260DEE /* OpenSans-Regular.ttf in Resources */ = {isa = PBXBuildFile; fileRef = 07CABE532433FA4300260DEE /* OpenSans-Regular.ttf */; };
		07CABE57243403EF00260DEE /* FontsStyle.swift in Sources */ = {isa = PBXBuildFile; fileRef = 07CABE56243403EF00260DEE /* FontsStyle.swift */; };
		07CABE612434D77900260DEE /* BlueButton.swift in Sources */ = {isa = PBXBuildFile; fileRef = 07CABE602434D77900260DEE /* BlueButton.swift */; };
		07CABE6624353FB000260DEE /* TutorialCell.swift in Sources */ = {isa = PBXBuildFile; fileRef = 07CABE6424353FB000260DEE /* TutorialCell.swift */; };
		07CABE6724353FB000260DEE /* TutorialCell.xib in Resources */ = {isa = PBXBuildFile; fileRef = 07CABE6524353FB000260DEE /* TutorialCell.xib */; };
		07CABE6B243543B400260DEE /* OnboardingViewController.swift in Sources */ = {isa = PBXBuildFile; fileRef = 07CABE69243543B400260DEE /* OnboardingViewController.swift */; };
		07CABE6C243543B400260DEE /* OnboardingViewController.xib in Resources */ = {isa = PBXBuildFile; fileRef = 07CABE6A243543B400260DEE /* OnboardingViewController.xib */; };
		07CABE6E2435443100260DEE /* CrossButton.swift in Sources */ = {isa = PBXBuildFile; fileRef = 07CABE6D2435443100260DEE /* CrossButton.swift */; };
		07CABE71243583BD00260DEE /* ViewController.swift in Sources */ = {isa = PBXBuildFile; fileRef = 07CABE70243583BD00260DEE /* ViewController.swift */; };
		07CABE732435E03A00260DEE /* SplashViewController.swift in Sources */ = {isa = PBXBuildFile; fileRef = 07CABE722435E03A00260DEE /* SplashViewController.swift */; };
		07CABE752436176D00260DEE /* SplashViewController.xib in Resources */ = {isa = PBXBuildFile; fileRef = 07CABE742436176D00260DEE /* SplashViewController.xib */; };
		07CABE782436382700260DEE /* CameraPermissionsViewController.swift in Sources */ = {isa = PBXBuildFile; fileRef = 07CABE762436382700260DEE /* CameraPermissionsViewController.swift */; };
		07CABE792436382700260DEE /* CameraPermissionsViewController.xib in Resources */ = {isa = PBXBuildFile; fileRef = 07CABE772436382700260DEE /* CameraPermissionsViewController.xib */; };
		07CABE7D24375DA900260DEE /* MenuTabBarController.swift in Sources */ = {isa = PBXBuildFile; fileRef = 07CABE7C24375DA900260DEE /* MenuTabBarController.swift */; };
		07CABE81243815B200260DEE /* UIViewController+AppNavigationFlow.swift in Sources */ = {isa = PBXBuildFile; fileRef = 07CABE80243815B200260DEE /* UIViewController+AppNavigationFlow.swift */; };
		07CABE85243A787B00260DEE /* CustomPrint.swift in Sources */ = {isa = PBXBuildFile; fileRef = 07CABE84243A787B00260DEE /* CustomPrint.swift */; };
		07CABE87243A841800260DEE /* UIViewController+FirstLaunch.swift in Sources */ = {isa = PBXBuildFile; fileRef = 07CABE86243A841800260DEE /* UIViewController+FirstLaunch.swift */; };
		07CABE89243A84AC00260DEE /* UIApplication+.swift in Sources */ = {isa = PBXBuildFile; fileRef = 07CABE88243A84AC00260DEE /* UIApplication+.swift */; };
		07CABE8B243B2B1F00260DEE /* news.json in Resources */ = {isa = PBXBuildFile; fileRef = 07CABE8A243B2B1F00260DEE /* news.json */; };
		07CABE8F243B2F9600260DEE /* MenuTabBarController.xib in Resources */ = {isa = PBXBuildFile; fileRef = 07CABE8E243B2F9600260DEE /* MenuTabBarController.xib */; };
		07CABE91243B314000260DEE /* ARViewController.xib in Resources */ = {isa = PBXBuildFile; fileRef = 07CABE90243B314000260DEE /* ARViewController.xib */; };
		07CABE93243B325C00260DEE /* ARViewController.swift in Sources */ = {isa = PBXBuildFile; fileRef = 07CABE92243B325C00260DEE /* ARViewController.swift */; };
		07CABE96243B524500260DEE /* NewsViewController.swift in Sources */ = {isa = PBXBuildFile; fileRef = 07CABE94243B524500260DEE /* NewsViewController.swift */; };
		07CABE97243B524500260DEE /* NewsViewController.xib in Resources */ = {isa = PBXBuildFile; fileRef = 07CABE95243B524500260DEE /* NewsViewController.xib */; };
		07CABE99243B5AD600260DEE /* JsonLoader.swift in Sources */ = {isa = PBXBuildFile; fileRef = 07CABE98243B5AD600260DEE /* JsonLoader.swift */; };
		07CABE9C243B5BD700260DEE /* NewsCell.swift in Sources */ = {isa = PBXBuildFile; fileRef = 07CABE9A243B5BD700260DEE /* NewsCell.swift */; };
		07CABE9D243B5BD700260DEE /* NewsCell.xib in Resources */ = {isa = PBXBuildFile; fileRef = 07CABE9B243B5BD700260DEE /* NewsCell.xib */; };
		07CABE9F243B9F8800260DEE /* UIImageView+DownloadImage.swift in Sources */ = {isa = PBXBuildFile; fileRef = 07CABE9E243B9F8800260DEE /* UIImageView+DownloadImage.swift */; };
		07CABEA1243C821700260DEE /* NewsLoaderManager.swift in Sources */ = {isa = PBXBuildFile; fileRef = 07CABEA0243C821700260DEE /* NewsLoaderManager.swift */; };
		07CABEA4243C824D00260DEE /* NewsItemMapper.swift in Sources */ = {isa = PBXBuildFile; fileRef = 07CABEA3243C824D00260DEE /* NewsItemMapper.swift */; };
		07CABEA6243C82A100260DEE /* JsonLoaderHandler.swift in Sources */ = {isa = PBXBuildFile; fileRef = 07CABEA5243C82A100260DEE /* JsonLoaderHandler.swift */; };
		07CABEA8243C830500260DEE /* News.swift in Sources */ = {isa = PBXBuildFile; fileRef = 07CABEA7243C830500260DEE /* News.swift */; };
		07CABEAA243C834800260DEE /* NewsLoader.swift in Sources */ = {isa = PBXBuildFile; fileRef = 07CABEA9243C834800260DEE /* NewsLoader.swift */; };
/* End PBXBuildFile section */

/* Begin PBXFileReference section */
		07CABE0924322EE100260DEE /* SocialDistancing.app */ = {isa = PBXFileReference; explicitFileType = wrapper.application; includeInIndex = 0; path = SocialDistancing.app; sourceTree = BUILT_PRODUCTS_DIR; };
		07CABE0C24322EE100260DEE /* AppDelegate.swift */ = {isa = PBXFileReference; lastKnownFileType = sourcecode.swift; path = AppDelegate.swift; sourceTree = "<group>"; };
		07CABE0E24322EE100260DEE /* SceneDelegate.swift */ = {isa = PBXFileReference; lastKnownFileType = sourcecode.swift; path = SceneDelegate.swift; sourceTree = "<group>"; };
		07CABE1324322EE100260DEE /* Base */ = {isa = PBXFileReference; lastKnownFileType = file.storyboard; name = Base; path = Base.lproj/Main.storyboard; sourceTree = "<group>"; };
		07CABE1524322EE200260DEE /* Assets.xcassets */ = {isa = PBXFileReference; lastKnownFileType = folder.assetcatalog; path = Assets.xcassets; sourceTree = "<group>"; };
		07CABE1824322EE200260DEE /* Base */ = {isa = PBXFileReference; lastKnownFileType = file.storyboard; name = Base; path = Base.lproj/LaunchScreen.storyboard; sourceTree = "<group>"; };
		07CABE1A24322EE200260DEE /* Info.plist */ = {isa = PBXFileReference; lastKnownFileType = text.plist.xml; path = Info.plist; sourceTree = "<group>"; };
		07CABE4A2433F18200260DEE /* ColorTheme.xcassets */ = {isa = PBXFileReference; lastKnownFileType = folder.assetcatalog; path = ColorTheme.xcassets; sourceTree = "<group>"; };
		07CABE4C2433F59200260DEE /* ColorTheme.swift */ = {isa = PBXFileReference; lastKnownFileType = sourcecode.swift; path = ColorTheme.swift; sourceTree = "<group>"; };
		07CABE4F2433FA2B00260DEE /* OpenSans-Bold.ttf */ = {isa = PBXFileReference; lastKnownFileType = file; path = "OpenSans-Bold.ttf"; sourceTree = "<group>"; };
		07CABE512433FA3D00260DEE /* OpenSans-Light.ttf */ = {isa = PBXFileReference; lastKnownFileType = file; path = "OpenSans-Light.ttf"; sourceTree = "<group>"; };
		07CABE532433FA4300260DEE /* OpenSans-Regular.ttf */ = {isa = PBXFileReference; lastKnownFileType = file; path = "OpenSans-Regular.ttf"; sourceTree = "<group>"; };
		07CABE56243403EF00260DEE /* FontsStyle.swift */ = {isa = PBXFileReference; lastKnownFileType = sourcecode.swift; path = FontsStyle.swift; sourceTree = "<group>"; };
		07CABE602434D77900260DEE /* BlueButton.swift */ = {isa = PBXFileReference; lastKnownFileType = sourcecode.swift; path = BlueButton.swift; sourceTree = "<group>"; };
		07CABE6424353FB000260DEE /* TutorialCell.swift */ = {isa = PBXFileReference; lastKnownFileType = sourcecode.swift; path = TutorialCell.swift; sourceTree = "<group>"; };
		07CABE6524353FB000260DEE /* TutorialCell.xib */ = {isa = PBXFileReference; lastKnownFileType = file.xib; path = TutorialCell.xib; sourceTree = "<group>"; };
		07CABE69243543B400260DEE /* OnboardingViewController.swift */ = {isa = PBXFileReference; lastKnownFileType = sourcecode.swift; path = OnboardingViewController.swift; sourceTree = "<group>"; };
		07CABE6A243543B400260DEE /* OnboardingViewController.xib */ = {isa = PBXFileReference; lastKnownFileType = file.xib; path = OnboardingViewController.xib; sourceTree = "<group>"; };
		07CABE6D2435443100260DEE /* CrossButton.swift */ = {isa = PBXFileReference; lastKnownFileType = sourcecode.swift; path = CrossButton.swift; sourceTree = "<group>"; };
		07CABE70243583BD00260DEE /* ViewController.swift */ = {isa = PBXFileReference; lastKnownFileType = sourcecode.swift; path = ViewController.swift; sourceTree = "<group>"; };
		07CABE722435E03A00260DEE /* SplashViewController.swift */ = {isa = PBXFileReference; lastKnownFileType = sourcecode.swift; path = SplashViewController.swift; sourceTree = "<group>"; };
		07CABE742436176D00260DEE /* SplashViewController.xib */ = {isa = PBXFileReference; lastKnownFileType = file.xib; path = SplashViewController.xib; sourceTree = "<group>"; };
		07CABE762436382700260DEE /* CameraPermissionsViewController.swift */ = {isa = PBXFileReference; lastKnownFileType = sourcecode.swift; path = CameraPermissionsViewController.swift; sourceTree = "<group>"; };
		07CABE772436382700260DEE /* CameraPermissionsViewController.xib */ = {isa = PBXFileReference; lastKnownFileType = file.xib; path = CameraPermissionsViewController.xib; sourceTree = "<group>"; };
		07CABE7C24375DA900260DEE /* MenuTabBarController.swift */ = {isa = PBXFileReference; lastKnownFileType = sourcecode.swift; path = MenuTabBarController.swift; sourceTree = "<group>"; };
		07CABE80243815B200260DEE /* UIViewController+AppNavigationFlow.swift */ = {isa = PBXFileReference; lastKnownFileType = sourcecode.swift; path = "UIViewController+AppNavigationFlow.swift"; sourceTree = "<group>"; };
		07CABE84243A787B00260DEE /* CustomPrint.swift */ = {isa = PBXFileReference; lastKnownFileType = sourcecode.swift; path = CustomPrint.swift; sourceTree = "<group>"; };
		07CABE86243A841800260DEE /* UIViewController+FirstLaunch.swift */ = {isa = PBXFileReference; lastKnownFileType = sourcecode.swift; path = "UIViewController+FirstLaunch.swift"; sourceTree = "<group>"; };
		07CABE88243A84AC00260DEE /* UIApplication+.swift */ = {isa = PBXFileReference; lastKnownFileType = sourcecode.swift; path = "UIApplication+.swift"; sourceTree = "<group>"; };
		07CABE8A243B2B1F00260DEE /* news.json */ = {isa = PBXFileReference; lastKnownFileType = text.json; path = news.json; sourceTree = "<group>"; };
		07CABE8E243B2F9600260DEE /* MenuTabBarController.xib */ = {isa = PBXFileReference; lastKnownFileType = file.xib; path = MenuTabBarController.xib; sourceTree = "<group>"; };
		07CABE90243B314000260DEE /* ARViewController.xib */ = {isa = PBXFileReference; lastKnownFileType = file.xib; path = ARViewController.xib; sourceTree = "<group>"; };
		07CABE92243B325C00260DEE /* ARViewController.swift */ = {isa = PBXFileReference; lastKnownFileType = sourcecode.swift; path = ARViewController.swift; sourceTree = "<group>"; };
		07CABE94243B524500260DEE /* NewsViewController.swift */ = {isa = PBXFileReference; lastKnownFileType = sourcecode.swift; path = NewsViewController.swift; sourceTree = "<group>"; };
		07CABE95243B524500260DEE /* NewsViewController.xib */ = {isa = PBXFileReference; lastKnownFileType = file.xib; path = NewsViewController.xib; sourceTree = "<group>"; };
		07CABE98243B5AD600260DEE /* JsonLoader.swift */ = {isa = PBXFileReference; lastKnownFileType = sourcecode.swift; path = JsonLoader.swift; sourceTree = "<group>"; };
		07CABE9A243B5BD700260DEE /* NewsCell.swift */ = {isa = PBXFileReference; lastKnownFileType = sourcecode.swift; path = NewsCell.swift; sourceTree = "<group>"; };
		07CABE9B243B5BD700260DEE /* NewsCell.xib */ = {isa = PBXFileReference; lastKnownFileType = file.xib; path = NewsCell.xib; sourceTree = "<group>"; };
		07CABE9E243B9F8800260DEE /* UIImageView+DownloadImage.swift */ = {isa = PBXFileReference; lastKnownFileType = sourcecode.swift; path = "UIImageView+DownloadImage.swift"; sourceTree = "<group>"; };
		07CABEA0243C821700260DEE /* NewsLoaderManager.swift */ = {isa = PBXFileReference; lastKnownFileType = sourcecode.swift; path = NewsLoaderManager.swift; sourceTree = "<group>"; };
		07CABEA3243C824D00260DEE /* NewsItemMapper.swift */ = {isa = PBXFileReference; lastKnownFileType = sourcecode.swift; path = NewsItemMapper.swift; sourceTree = "<group>"; };
		07CABEA5243C82A100260DEE /* JsonLoaderHandler.swift */ = {isa = PBXFileReference; lastKnownFileType = sourcecode.swift; path = JsonLoaderHandler.swift; sourceTree = "<group>"; };
		07CABEA7243C830500260DEE /* News.swift */ = {isa = PBXFileReference; lastKnownFileType = sourcecode.swift; path = News.swift; sourceTree = "<group>"; };
		07CABEA9243C834800260DEE /* NewsLoader.swift */ = {isa = PBXFileReference; lastKnownFileType = sourcecode.swift; path = NewsLoader.swift; sourceTree = "<group>"; };
/* End PBXFileReference section */

/* Begin PBXFrameworksBuildPhase section */
		07CABE0624322EE100260DEE /* Frameworks */ = {
			isa = PBXFrameworksBuildPhase;
			buildActionMask = 2147483647;
			files = (
			);
			runOnlyForDeploymentPostprocessing = 0;
		};
/* End PBXFrameworksBuildPhase section */

/* Begin PBXGroup section */
		07CABE0024322EE100260DEE = {
			isa = PBXGroup;
			children = (
				07CABE0B24322EE100260DEE /* SocialDistancing */,
				07CABE0A24322EE100260DEE /* Products */,
			);
			sourceTree = "<group>";
		};
		07CABE0A24322EE100260DEE /* Products */ = {
			isa = PBXGroup;
			children = (
				07CABE0924322EE100260DEE /* SocialDistancing.app */,
			);
			name = Products;
			sourceTree = "<group>";
		};
		07CABE0B24322EE100260DEE /* SocialDistancing */ = {
			isa = PBXGroup;
			children = (
				07CABE0C24322EE100260DEE /* AppDelegate.swift */,
				07CABE0E24322EE100260DEE /* SceneDelegate.swift */,
				07CABE6F243582A700260DEE /* Storyboards */,
				07CABEA2243C822F00260DEE /* New Group */,
				07CABE1524322EE200260DEE /* Assets.xcassets */,
				07CABE1A24322EE200260DEE /* Info.plist */,
				07CABE1724322EE200260DEE /* LaunchScreen.storyboard */,
			);
			path = SocialDistancing;
			sourceTree = "<group>";
		};
		07CABE4E2433FA0100260DEE /* Fonts */ = {
			isa = PBXGroup;
			children = (
				07CABE4F2433FA2B00260DEE /* OpenSans-Bold.ttf */,
				07CABE512433FA3D00260DEE /* OpenSans-Light.ttf */,
				07CABE532433FA4300260DEE /* OpenSans-Regular.ttf */,
				07CABE56243403EF00260DEE /* FontsStyle.swift */,
			);
			path = Fonts;
			sourceTree = "<group>";
		};
		07CABE552433FA6900260DEE /* Colors */ = {
			isa = PBXGroup;
			children = (
				07CABE4A2433F18200260DEE /* ColorTheme.xcassets */,
				07CABE4C2433F59200260DEE /* ColorTheme.swift */,
			);
			path = Colors;
			sourceTree = "<group>";
		};
		07CABE682435437E00260DEE /* Class Components */ = {
			isa = PBXGroup;
			children = (
				07CABE602434D77900260DEE /* BlueButton.swift */,
				07CABE6D2435443100260DEE /* CrossButton.swift */,
			);
			path = "Class Components";
			sourceTree = "<group>";
		};
		07CABE6F243582A700260DEE /* Storyboards */ = {
			isa = PBXGroup;
			children = (
				07CABE1224322EE100260DEE /* Main.storyboard */,
				07CABE742436176D00260DEE /* SplashViewController.xib */,
				07CABE772436382700260DEE /* CameraPermissionsViewController.xib */,
				07CABE6A243543B400260DEE /* OnboardingViewController.xib */,
				07CABE6524353FB000260DEE /* TutorialCell.xib */,
				07CABE8E243B2F9600260DEE /* MenuTabBarController.xib */,
				07CABE90243B314000260DEE /* ARViewController.xib */,
				07CABE95243B524500260DEE /* NewsViewController.xib */,
				07CABE9B243B5BD700260DEE /* NewsCell.xib */,
				07CABE722435E03A00260DEE /* SplashViewController.swift */,
				07CABE762436382700260DEE /* CameraPermissionsViewController.swift */,
				07CABE69243543B400260DEE /* OnboardingViewController.swift */,
				07CABE6424353FB000260DEE /* TutorialCell.swift */,
				07CABE7C24375DA900260DEE /* MenuTabBarController.swift */,
				07CABE92243B325C00260DEE /* ARViewController.swift */,
				07CABE94243B524500260DEE /* NewsViewController.swift */,
				07CABE9A243B5BD700260DEE /* NewsCell.swift */,
				07CABE70243583BD00260DEE /* ViewController.swift */,
				07CABE682435437E00260DEE /* Class Components */,
				07CABEAB243C841F00260DEE /* Helpers */,
				07CABE552433FA6900260DEE /* Colors */,
				07CABE4E2433FA0100260DEE /* Fonts */,
			);
			path = Storyboards;
			sourceTree = "<group>";
		};
		07CABEA2243C822F00260DEE /* New Group */ = {
			isa = PBXGroup;
			children = (
				07CABE98243B5AD600260DEE /* JsonLoader.swift */,
				07CABEA9243C834800260DEE /* NewsLoader.swift */,
				07CABEA7243C830500260DEE /* News.swift */,
				07CABEA5243C82A100260DEE /* JsonLoaderHandler.swift */,
				07CABEA0243C821700260DEE /* NewsLoaderManager.swift */,
				07CABEA3243C824D00260DEE /* NewsItemMapper.swift */,
				07CABE8A243B2B1F00260DEE /* news.json */,
			);
			path = "New Group";
			sourceTree = "<group>";
		};
		07CABEAB243C841F00260DEE /* Helpers */ = {
			isa = PBXGroup;
			children = (
				07CABE80243815B200260DEE /* UIViewController+AppNavigationFlow.swift */,
				07CABE86243A841800260DEE /* UIViewController+FirstLaunch.swift */,
				07CABE88243A84AC00260DEE /* UIApplication+.swift */,
				07CABE9E243B9F8800260DEE /* UIImageView+DownloadImage.swift */,
				07CABE84243A787B00260DEE /* CustomPrint.swift */,
			);
			path = Helpers;
			sourceTree = "<group>";
		};
/* End PBXGroup section */

/* Begin PBXNativeTarget section */
		07CABE0824322EE100260DEE /* SocialDistancing */ = {
			isa = PBXNativeTarget;
			buildConfigurationList = 07CABE1D24322EE200260DEE /* Build configuration list for PBXNativeTarget "SocialDistancing" */;
			buildPhases = (
				07CABE0524322EE100260DEE /* Sources */,
				07CABE0624322EE100260DEE /* Frameworks */,
				07CABE0724322EE100260DEE /* Resources */,
			);
			buildRules = (
			);
			dependencies = (
			);
			name = SocialDistancing;
			productName = SocialDistancing;
			productReference = 07CABE0924322EE100260DEE /* SocialDistancing.app */;
			productType = "com.apple.product-type.application";
		};
/* End PBXNativeTarget section */

/* Begin PBXProject section */
		07CABE0124322EE100260DEE /* Project object */ = {
			isa = PBXProject;
			attributes = {
				LastSwiftUpdateCheck = 1130;
				LastUpgradeCheck = 1130;
				ORGANIZATIONNAME = AndreaRov;
				TargetAttributes = {
					07CABE0824322EE100260DEE = {
						CreatedOnToolsVersion = 11.3.1;
					};
				};
			};
			buildConfigurationList = 07CABE0424322EE100260DEE /* Build configuration list for PBXProject "SocialDistancing" */;
			compatibilityVersion = "Xcode 9.3";
			developmentRegion = en;
			hasScannedForEncodings = 0;
			knownRegions = (
				en,
				Base,
			);
			mainGroup = 07CABE0024322EE100260DEE;
			productRefGroup = 07CABE0A24322EE100260DEE /* Products */;
			projectDirPath = "";
			projectRoot = "";
			targets = (
				07CABE0824322EE100260DEE /* SocialDistancing */,
			);
		};
/* End PBXProject section */

/* Begin PBXResourcesBuildPhase section */
		07CABE0724322EE100260DEE /* Resources */ = {
			isa = PBXResourcesBuildPhase;
			buildActionMask = 2147483647;
			files = (
				07CABE522433FA3D00260DEE /* OpenSans-Light.ttf in Resources */,
				07CABE1924322EE200260DEE /* LaunchScreen.storyboard in Resources */,
				07CABE97243B524500260DEE /* NewsViewController.xib in Resources */,
				07CABE6C243543B400260DEE /* OnboardingViewController.xib in Resources */,
				07CABE752436176D00260DEE /* SplashViewController.xib in Resources */,
				07CABE6724353FB000260DEE /* TutorialCell.xib in Resources */,
				07CABE792436382700260DEE /* CameraPermissionsViewController.xib in Resources */,
				07CABE8B243B2B1F00260DEE /* news.json in Resources */,
				07CABE4B2433F18200260DEE /* ColorTheme.xcassets in Resources */,
				07CABE542433FA4300260DEE /* OpenSans-Regular.ttf in Resources */,
				07CABE9D243B5BD700260DEE /* NewsCell.xib in Resources */,
				07CABE1624322EE200260DEE /* Assets.xcassets in Resources */,
				07CABE502433FA2B00260DEE /* OpenSans-Bold.ttf in Resources */,
				07CABE8F243B2F9600260DEE /* MenuTabBarController.xib in Resources */,
				07CABE1424322EE100260DEE /* Main.storyboard in Resources */,
				07CABE91243B314000260DEE /* ARViewController.xib in Resources */,
			);
			runOnlyForDeploymentPostprocessing = 0;
		};
/* End PBXResourcesBuildPhase section */

/* Begin PBXSourcesBuildPhase section */
		07CABE0524322EE100260DEE /* Sources */ = {
			isa = PBXSourcesBuildPhase;
			buildActionMask = 2147483647;
			files = (
				07CABE71243583BD00260DEE /* ViewController.swift in Sources */,
				07CABE732435E03A00260DEE /* SplashViewController.swift in Sources */,
				07CABE57243403EF00260DEE /* FontsStyle.swift in Sources */,
				07CABE93243B325C00260DEE /* ARViewController.swift in Sources */,
				07CABE85243A787B00260DEE /* CustomPrint.swift in Sources */,
				07CABE4D2433F59200260DEE /* ColorTheme.swift in Sources */,
				07CABEA6243C82A100260DEE /* JsonLoaderHandler.swift in Sources */,
				07CABE96243B524500260DEE /* NewsViewController.swift in Sources */,
				07CABEA4243C824D00260DEE /* NewsItemMapper.swift in Sources */,
				07CABE612434D77900260DEE /* BlueButton.swift in Sources */,
				07CABE0D24322EE100260DEE /* AppDelegate.swift in Sources */,
				07CABE9F243B9F8800260DEE /* UIImageView+DownloadImage.swift in Sources */,
				07CABE9C243B5BD700260DEE /* NewsCell.swift in Sources */,
				07CABE87243A841800260DEE /* UIViewController+FirstLaunch.swift in Sources */,
				07CABEAA243C834800260DEE /* NewsLoader.swift in Sources */,
				07CABEA1243C821700260DEE /* NewsLoaderManager.swift in Sources */,
				07CABE7D24375DA900260DEE /* MenuTabBarController.swift in Sources */,
				07CABE81243815B200260DEE /* UIViewController+AppNavigationFlow.swift in Sources */,
				07CABE89243A84AC00260DEE /* UIApplication+.swift in Sources */,
				07CABE6624353FB000260DEE /* TutorialCell.swift in Sources */,
				07CABE782436382700260DEE /* CameraPermissionsViewController.swift in Sources */,
				07CABE99243B5AD600260DEE /* JsonLoader.swift in Sources */,
				07CABE6B243543B400260DEE /* OnboardingViewController.swift in Sources */,
				07CABE6E2435443100260DEE /* CrossButton.swift in Sources */,
				07CABEA8243C830500260DEE /* News.swift in Sources */,
				07CABE0F24322EE100260DEE /* SceneDelegate.swift in Sources */,
			);
			runOnlyForDeploymentPostprocessing = 0;
		};
/* End PBXSourcesBuildPhase section */

/* Begin PBXVariantGroup section */
		07CABE1224322EE100260DEE /* Main.storyboard */ = {
			isa = PBXVariantGroup;
			children = (
				07CABE1324322EE100260DEE /* Base */,
			);
			name = Main.storyboard;
			sourceTree = "<group>";
		};
		07CABE1724322EE200260DEE /* LaunchScreen.storyboard */ = {
			isa = PBXVariantGroup;
			children = (
				07CABE1824322EE200260DEE /* Base */,
			);
			name = LaunchScreen.storyboard;
			sourceTree = "<group>";
		};
/* End PBXVariantGroup section */

/* Begin XCBuildConfiguration section */
		07CABE1B24322EE200260DEE /* Debug */ = {
			isa = XCBuildConfiguration;
			buildSettings = {
				ALWAYS_SEARCH_USER_PATHS = NO;
				CLANG_ANALYZER_NONNULL = YES;
				CLANG_ANALYZER_NUMBER_OBJECT_CONVERSION = YES_AGGRESSIVE;
				CLANG_CXX_LANGUAGE_STANDARD = "gnu++14";
				CLANG_CXX_LIBRARY = "libc++";
				CLANG_ENABLE_MODULES = YES;
				CLANG_ENABLE_OBJC_ARC = YES;
				CLANG_ENABLE_OBJC_WEAK = YES;
				CLANG_WARN_BLOCK_CAPTURE_AUTORELEASING = YES;
				CLANG_WARN_BOOL_CONVERSION = YES;
				CLANG_WARN_COMMA = YES;
				CLANG_WARN_CONSTANT_CONVERSION = YES;
				CLANG_WARN_DEPRECATED_OBJC_IMPLEMENTATIONS = YES;
				CLANG_WARN_DIRECT_OBJC_ISA_USAGE = YES_ERROR;
				CLANG_WARN_DOCUMENTATION_COMMENTS = YES;
				CLANG_WARN_EMPTY_BODY = YES;
				CLANG_WARN_ENUM_CONVERSION = YES;
				CLANG_WARN_INFINITE_RECURSION = YES;
				CLANG_WARN_INT_CONVERSION = YES;
				CLANG_WARN_NON_LITERAL_NULL_CONVERSION = YES;
				CLANG_WARN_OBJC_IMPLICIT_RETAIN_SELF = YES;
				CLANG_WARN_OBJC_LITERAL_CONVERSION = YES;
				CLANG_WARN_OBJC_ROOT_CLASS = YES_ERROR;
				CLANG_WARN_RANGE_LOOP_ANALYSIS = YES;
				CLANG_WARN_STRICT_PROTOTYPES = YES;
				CLANG_WARN_SUSPICIOUS_MOVE = YES;
				CLANG_WARN_UNGUARDED_AVAILABILITY = YES_AGGRESSIVE;
				CLANG_WARN_UNREACHABLE_CODE = YES;
				CLANG_WARN__DUPLICATE_METHOD_MATCH = YES;
				COPY_PHASE_STRIP = NO;
				DEBUG_INFORMATION_FORMAT = dwarf;
				ENABLE_STRICT_OBJC_MSGSEND = YES;
				ENABLE_TESTABILITY = YES;
				GCC_C_LANGUAGE_STANDARD = gnu11;
				GCC_DYNAMIC_NO_PIC = NO;
				GCC_NO_COMMON_BLOCKS = YES;
				GCC_OPTIMIZATION_LEVEL = 0;
				GCC_PREPROCESSOR_DEFINITIONS = (
					"DEBUG=1",
					"$(inherited)",
				);
				GCC_WARN_64_TO_32_BIT_CONVERSION = YES;
				GCC_WARN_ABOUT_RETURN_TYPE = YES_ERROR;
				GCC_WARN_UNDECLARED_SELECTOR = YES;
				GCC_WARN_UNINITIALIZED_AUTOS = YES_AGGRESSIVE;
				GCC_WARN_UNUSED_FUNCTION = YES;
				GCC_WARN_UNUSED_VARIABLE = YES;
				IPHONEOS_DEPLOYMENT_TARGET = 13.0;
				MTL_ENABLE_DEBUG_INFO = INCLUDE_SOURCE;
				MTL_FAST_MATH = YES;
				ONLY_ACTIVE_ARCH = YES;
				SDKROOT = iphoneos;
				SWIFT_ACTIVE_COMPILATION_CONDITIONS = DEBUG;
				SWIFT_OPTIMIZATION_LEVEL = "-Onone";
			};
			name = Debug;
		};
		07CABE1C24322EE200260DEE /* Release */ = {
			isa = XCBuildConfiguration;
			buildSettings = {
				ALWAYS_SEARCH_USER_PATHS = NO;
				CLANG_ANALYZER_NONNULL = YES;
				CLANG_ANALYZER_NUMBER_OBJECT_CONVERSION = YES_AGGRESSIVE;
				CLANG_CXX_LANGUAGE_STANDARD = "gnu++14";
				CLANG_CXX_LIBRARY = "libc++";
				CLANG_ENABLE_MODULES = YES;
				CLANG_ENABLE_OBJC_ARC = YES;
				CLANG_ENABLE_OBJC_WEAK = YES;
				CLANG_WARN_BLOCK_CAPTURE_AUTORELEASING = YES;
				CLANG_WARN_BOOL_CONVERSION = YES;
				CLANG_WARN_COMMA = YES;
				CLANG_WARN_CONSTANT_CONVERSION = YES;
				CLANG_WARN_DEPRECATED_OBJC_IMPLEMENTATIONS = YES;
				CLANG_WARN_DIRECT_OBJC_ISA_USAGE = YES_ERROR;
				CLANG_WARN_DOCUMENTATION_COMMENTS = YES;
				CLANG_WARN_EMPTY_BODY = YES;
				CLANG_WARN_ENUM_CONVERSION = YES;
				CLANG_WARN_INFINITE_RECURSION = YES;
				CLANG_WARN_INT_CONVERSION = YES;
				CLANG_WARN_NON_LITERAL_NULL_CONVERSION = YES;
				CLANG_WARN_OBJC_IMPLICIT_RETAIN_SELF = YES;
				CLANG_WARN_OBJC_LITERAL_CONVERSION = YES;
				CLANG_WARN_OBJC_ROOT_CLASS = YES_ERROR;
				CLANG_WARN_RANGE_LOOP_ANALYSIS = YES;
				CLANG_WARN_STRICT_PROTOTYPES = YES;
				CLANG_WARN_SUSPICIOUS_MOVE = YES;
				CLANG_WARN_UNGUARDED_AVAILABILITY = YES_AGGRESSIVE;
				CLANG_WARN_UNREACHABLE_CODE = YES;
				CLANG_WARN__DUPLICATE_METHOD_MATCH = YES;
				COPY_PHASE_STRIP = NO;
				DEBUG_INFORMATION_FORMAT = "dwarf-with-dsym";
				ENABLE_NS_ASSERTIONS = NO;
				ENABLE_STRICT_OBJC_MSGSEND = YES;
				GCC_C_LANGUAGE_STANDARD = gnu11;
				GCC_NO_COMMON_BLOCKS = YES;
				GCC_WARN_64_TO_32_BIT_CONVERSION = YES;
				GCC_WARN_ABOUT_RETURN_TYPE = YES_ERROR;
				GCC_WARN_UNDECLARED_SELECTOR = YES;
				GCC_WARN_UNINITIALIZED_AUTOS = YES_AGGRESSIVE;
				GCC_WARN_UNUSED_FUNCTION = YES;
				GCC_WARN_UNUSED_VARIABLE = YES;
				IPHONEOS_DEPLOYMENT_TARGET = 13.0;
				MTL_ENABLE_DEBUG_INFO = NO;
				MTL_FAST_MATH = YES;
				SDKROOT = iphoneos;
				SWIFT_COMPILATION_MODE = wholemodule;
				SWIFT_OPTIMIZATION_LEVEL = "-O";
				VALIDATE_PRODUCT = YES;
			};
			name = Release;
		};
		07CABE1E24322EE200260DEE /* Debug */ = {
			isa = XCBuildConfiguration;
			buildSettings = {
				ASSETCATALOG_COMPILER_APPICON_NAME = AppIcon;
				CODE_SIGN_STYLE = Automatic;
				DEVELOPMENT_TEAM = AC8QP6MBD6;
				INFOPLIST_FILE = SocialDistancing/Info.plist;
				IPHONEOS_DEPLOYMENT_TARGET = 13.0;
				LD_RUNPATH_SEARCH_PATHS = (
					"$(inherited)",
					"@executable_path/Frameworks",
				);
				PRODUCT_BUNDLE_IDENTIFIER = com.accenture.SocialDistancing;
				PRODUCT_NAME = "$(TARGET_NAME)";
				SWIFT_VERSION = 5.0;
				TARGETED_DEVICE_FAMILY = "1,2";
			};
			name = Debug;
		};
		07CABE1F24322EE200260DEE /* Release */ = {
			isa = XCBuildConfiguration;
			buildSettings = {
				ASSETCATALOG_COMPILER_APPICON_NAME = AppIcon;
				CODE_SIGN_STYLE = Automatic;
				DEVELOPMENT_TEAM = AC8QP6MBD6;
				INFOPLIST_FILE = SocialDistancing/Info.plist;
				IPHONEOS_DEPLOYMENT_TARGET = 13.0;
				LD_RUNPATH_SEARCH_PATHS = (
					"$(inherited)",
					"@executable_path/Frameworks",
				);
				PRODUCT_BUNDLE_IDENTIFIER = com.accenture.SocialDistancing;
				PRODUCT_NAME = "$(TARGET_NAME)";
				SWIFT_VERSION = 5.0;
				TARGETED_DEVICE_FAMILY = "1,2";
			};
			name = Release;
		};
/* End XCBuildConfiguration section */

/* Begin XCConfigurationList section */
		07CABE0424322EE100260DEE /* Build configuration list for PBXProject "SocialDistancing" */ = {
			isa = XCConfigurationList;
			buildConfigurations = (
				07CABE1B24322EE200260DEE /* Debug */,
				07CABE1C24322EE200260DEE /* Release */,
			);
			defaultConfigurationIsVisible = 0;
			defaultConfigurationName = Release;
		};
		07CABE1D24322EE200260DEE /* Build configuration list for PBXNativeTarget "SocialDistancing" */ = {
			isa = XCConfigurationList;
			buildConfigurations = (
				07CABE1E24322EE200260DEE /* Debug */,
				07CABE1F24322EE200260DEE /* Release */,
			);
			defaultConfigurationIsVisible = 0;
			defaultConfigurationName = Release;
		};
/* End XCConfigurationList section */
	};
	rootObject = 07CABE0124322EE100260DEE /* Project object */;
}
